
Microsoft Visual Studio Solution File, Format Version 12.00
# Visual Studio 15
VisualStudioVersion = 15.0.28307.329
MinimumVisualStudioVersion = 10.0.40219.1
Project("{FAE04EC0-301F-11D3-BF4B-00C04F79EFBC}") = "csv_parser_new", "csv_parser_new\csv_parser_new.csproj", "{C395D8BE-D817-4CF7-B8DB-03F95F70BBBB}"
EndProject
Project("{FAE04EC0-301F-11D3-BF4B-00C04F79EFBC}") = "csv_parser_newTests", "csv_parser_newTests\csv_parser_newTests.csproj", "{6B9B5919-C88F-4FD9-A402-0ABA4FB770A2}"
EndProject
Global
	GlobalSection(SolutionConfigurationPlatforms) = preSolution
		Debug|Any CPU = Debug|Any CPU
		Release|Any CPU = Release|Any CPU
	EndGlobalSection
	GlobalSection(ProjectConfigurationPlatforms) = postSolution
		{C395D8BE-D817-4CF7-B8DB-03F95F70BBBB}.Debug|Any CPU.ActiveCfg = Debug|Any CPU
		{C395D8BE-D817-4CF7-B8DB-03F95F70BBBB}.Debug|Any CPU.Build.0 = Debug|Any CPU
		{C395D8BE-D817-4CF7-B8DB-03F95F70BBBB}.Release|Any CPU.ActiveCfg = Release|Any CPU
		{C395D8BE-D817-4CF7-B8DB-03F95F70BBBB}.Release|Any CPU.Build.0 = Release|Any CPU
		{6B9B5919-C88F-4FD9-A402-0ABA4FB770A2}.Debug|Any CPU.ActiveCfg = Debug|Any CPU
		{6B9B5919-C88F-4FD9-A402-0ABA4FB770A2}.Debug|Any CPU.Build.0 = Debug|Any CPU
		{6B9B5919-C88F-4FD9-A402-0ABA4FB770A2}.Release|Any CPU.ActiveCfg = Release|Any CPU
		{6B9B5919-C88F-4FD9-A402-0ABA4FB770A2}.Release|Any CPU.Build.0 = Release|Any CPU
	EndGlobalSection
	GlobalSection(SolutionProperties) = preSolution
		HideSolutionNode = FALSE
	EndGlobalSection
	GlobalSection(ExtensibilityGlobals) = postSolution
		SolutionGuid = {018BA919-E772-4239-9BFD-C42D028B39D4}
	EndGlobalSection
EndGlobal
